
Microsoft Visual Studio Solution File, Format Version 12.00
# Visual Studio Version 17
VisualStudioVersion = 17.13.35818.85 d17.13
MinimumVisualStudioVersion = 10.0.40219.1
Project("{FAE04EC0-301F-11D3-BF4B-00C04F79EFBC}") = "AdjustEverything", "AdjustEverything\AdjustEverything.csproj", "{3E3747ED-841E-4234-B2D4-ABC5765EBDFB}"
EndProject
Global
	GlobalSection(SolutionConfigurationPlatforms) = preSolution
		Debug|Any CPU = Debug|Any CPU
		Release|Any CPU = Release|Any CPU
	EndGlobalSection
	GlobalSection(ProjectConfigurationPlatforms) = postSolution
		{3E3747ED-841E-4234-B2D4-ABC5765EBDFB}.Debug|Any CPU.ActiveCfg = Debug|Any CPU
		{3E3747ED-841E-4234-B2D4-ABC5765EBDFB}.Debug|Any CPU.Build.0 = Debug|Any CPU
		{3E3747ED-841E-4234-B2D4-ABC5765EBDFB}.Release|Any CPU.ActiveCfg = Release|Any CPU
		{3E3747ED-841E-4234-B2D4-ABC5765EBDFB}.Release|Any CPU.Build.0 = Release|Any CPU
	EndGlobalSection
	GlobalSection(SolutionProperties) = preSolution
		HideSolutionNode = FALSE
	EndGlobalSection
	GlobalSection(ExtensibilityGlobals) = postSolution
		SolutionGuid = {8FD5972B-991C-4974-BD29-A8672A14FE38}
	EndGlobalSection
EndGlobal
